
Microsoft Visual Studio Solution File, Format Version 12.00
# Visual Studio Version 17
VisualStudioVersion = 17.4.33213.308
MinimumVisualStudioVersion = 10.0.40219.1
Project("{2150E333-8FDC-42A3-9474-1A3956D46DE8}") = "Models", "Models", "{2913BD9D-44F2-4B03-A073-DFC519E67912}"
EndProject
Project("{2150E333-8FDC-42A3-9474-1A3956D46DE8}") = "ViewModels", "ViewModels", "{7468F1A7-31B5-43A2-B3A1-0634324B3C48}"
EndProject
Project("{2150E333-8FDC-42A3-9474-1A3956D46DE8}") = "Views", "Views", "{30B8BDA9-0F6C-467C-8A2D-2D9A458CF57D}"
EndProject
Project("{2150E333-8FDC-42A3-9474-1A3956D46DE8}") = "Tests", "Tests", "{738F499D-4036-4746-8ABD-85B16AF12E3E}"
EndProject
Project("{9A19103F-16F7-4668-BE54-9A1E7A4F7556}") = "WpfViewTest", "Tests\WpfViewTest\WpfViewTest.csproj", "{59EEC49D-E272-4748-B7E6-990EAC56FBD3}"
EndProject
Project("{9A19103F-16F7-4668-BE54-9A1E7A4F7556}") = "DemoTest.CaptchaModel", "Models\CaptchaModel\DemoTest.CaptchaModel.csproj", "{26785A34-FB4C-4819-BB32-5A2E22FA4476}"
EndProject
Project("{9A19103F-16F7-4668-BE54-9A1E7A4F7556}") = "DemoTest.DataModels", "Models\DemoTest.DataModels\DemoTest.DataModels.csproj", "{09480C80-CC9C-44B0-A109-CB137A2C546B}"
EndProject
Project("{9A19103F-16F7-4668-BE54-9A1E7A4F7556}") = "DemoTest.ViewModels", "ViewModels\DemoTest.ViewModels\DemoTest.ViewModels.csproj", "{0C2629B5-9985-40FE-BAB7-C42FD442FC9F}"
EndProject
Project("{9A19103F-16F7-4668-BE54-9A1E7A4F7556}") = "DemoTest.ViewModelCommandBases", "ViewModels\ViewModelCommandBases\DemoTest.ViewModelCommandBases.csproj", "{9A378800-3EB8-4787-918F-3CA2FFF2A303}"
EndProject
Project("{2150E333-8FDC-42A3-9474-1A3956D46DE8}") = "Wpf", "Wpf", "{89D4504F-B5EA-486E-869F-FA76B891D5F2}"
EndProject
Project("{9A19103F-16F7-4668-BE54-9A1E7A4F7556}") = "DemoTest.WpfView", "Views\Wpf\DemoTest.WpfView\DemoTest.WpfView.csproj", "{B4BA31E3-DE53-4157-BF8F-E4505DEA1F0F}"
EndProject
Project("{9A19103F-16F7-4668-BE54-9A1E7A4F7556}") = "WinControl.WpfLib", "Views\Wpf\WinControl.WpfLib\WinControl.WpfLib.csproj", "{A494E464-18E4-40E1-AFA2-BC172A85FC75}"
EndProject
Global
	GlobalSection(SolutionConfigurationPlatforms) = preSolution
		Debug|Any CPU = Debug|Any CPU
		Release|Any CPU = Release|Any CPU
	EndGlobalSection
	GlobalSection(ProjectConfigurationPlatforms) = postSolution
		{59EEC49D-E272-4748-B7E6-990EAC56FBD3}.Debug|Any CPU.ActiveCfg = Debug|Any CPU
		{59EEC49D-E272-4748-B7E6-990EAC56FBD3}.Debug|Any CPU.Build.0 = Debug|Any CPU
		{59EEC49D-E272-4748-B7E6-990EAC56FBD3}.Release|Any CPU.ActiveCfg = Release|Any CPU
		{59EEC49D-E272-4748-B7E6-990EAC56FBD3}.Release|Any CPU.Build.0 = Release|Any CPU
		{26785A34-FB4C-4819-BB32-5A2E22FA4476}.Debug|Any CPU.ActiveCfg = Debug|Any CPU
		{26785A34-FB4C-4819-BB32-5A2E22FA4476}.Debug|Any CPU.Build.0 = Debug|Any CPU
		{26785A34-FB4C-4819-BB32-5A2E22FA4476}.Release|Any CPU.ActiveCfg = Release|Any CPU
		{26785A34-FB4C-4819-BB32-5A2E22FA4476}.Release|Any CPU.Build.0 = Release|Any CPU
		{09480C80-CC9C-44B0-A109-CB137A2C546B}.Debug|Any CPU.ActiveCfg = Debug|Any CPU
		{09480C80-CC9C-44B0-A109-CB137A2C546B}.Debug|Any CPU.Build.0 = Debug|Any CPU
		{09480C80-CC9C-44B0-A109-CB137A2C546B}.Release|Any CPU.ActiveCfg = Release|Any CPU
		{09480C80-CC9C-44B0-A109-CB137A2C546B}.Release|Any CPU.Build.0 = Release|Any CPU
		{0C2629B5-9985-40FE-BAB7-C42FD442FC9F}.Debug|Any CPU.ActiveCfg = Debug|Any CPU
		{0C2629B5-9985-40FE-BAB7-C42FD442FC9F}.Debug|Any CPU.Build.0 = Debug|Any CPU
		{0C2629B5-9985-40FE-BAB7-C42FD442FC9F}.Release|Any CPU.ActiveCfg = Release|Any CPU
		{0C2629B5-9985-40FE-BAB7-C42FD442FC9F}.Release|Any CPU.Build.0 = Release|Any CPU
		{9A378800-3EB8-4787-918F-3CA2FFF2A303}.Debug|Any CPU.ActiveCfg = Debug|Any CPU
		{9A378800-3EB8-4787-918F-3CA2FFF2A303}.Debug|Any CPU.Build.0 = Debug|Any CPU
		{9A378800-3EB8-4787-918F-3CA2FFF2A303}.Release|Any CPU.ActiveCfg = Release|Any CPU
		{9A378800-3EB8-4787-918F-3CA2FFF2A303}.Release|Any CPU.Build.0 = Release|Any CPU
		{B4BA31E3-DE53-4157-BF8F-E4505DEA1F0F}.Debug|Any CPU.ActiveCfg = Debug|Any CPU
		{B4BA31E3-DE53-4157-BF8F-E4505DEA1F0F}.Debug|Any CPU.Build.0 = Debug|Any CPU
		{B4BA31E3-DE53-4157-BF8F-E4505DEA1F0F}.Release|Any CPU.ActiveCfg = Release|Any CPU
		{B4BA31E3-DE53-4157-BF8F-E4505DEA1F0F}.Release|Any CPU.Build.0 = Release|Any CPU
		{A494E464-18E4-40E1-AFA2-BC172A85FC75}.Debug|Any CPU.ActiveCfg = Debug|Any CPU
		{A494E464-18E4-40E1-AFA2-BC172A85FC75}.Debug|Any CPU.Build.0 = Debug|Any CPU
		{A494E464-18E4-40E1-AFA2-BC172A85FC75}.Release|Any CPU.ActiveCfg = Release|Any CPU
		{A494E464-18E4-40E1-AFA2-BC172A85FC75}.Release|Any CPU.Build.0 = Release|Any CPU
	EndGlobalSection
	GlobalSection(SolutionProperties) = preSolution
		HideSolutionNode = FALSE
	EndGlobalSection
	GlobalSection(NestedProjects) = preSolution
		{59EEC49D-E272-4748-B7E6-990EAC56FBD3} = {738F499D-4036-4746-8ABD-85B16AF12E3E}
		{26785A34-FB4C-4819-BB32-5A2E22FA4476} = {2913BD9D-44F2-4B03-A073-DFC519E67912}
		{09480C80-CC9C-44B0-A109-CB137A2C546B} = {2913BD9D-44F2-4B03-A073-DFC519E67912}
		{0C2629B5-9985-40FE-BAB7-C42FD442FC9F} = {7468F1A7-31B5-43A2-B3A1-0634324B3C48}
		{9A378800-3EB8-4787-918F-3CA2FFF2A303} = {7468F1A7-31B5-43A2-B3A1-0634324B3C48}
		{89D4504F-B5EA-486E-869F-FA76B891D5F2} = {30B8BDA9-0F6C-467C-8A2D-2D9A458CF57D}
		{B4BA31E3-DE53-4157-BF8F-E4505DEA1F0F} = {89D4504F-B5EA-486E-869F-FA76B891D5F2}
		{A494E464-18E4-40E1-AFA2-BC172A85FC75} = {89D4504F-B5EA-486E-869F-FA76B891D5F2}
	EndGlobalSection
	GlobalSection(ExtensibilityGlobals) = postSolution
		SolutionGuid = {AF1AA342-2309-4531-AFAC-8DA011E66DBA}
	EndGlobalSection
EndGlobal
